
Microsoft Visual Studio Solution File, Format Version 12.00
# Visual Studio Version 17
VisualStudioVersion = 17.3.32825.248
MinimumVisualStudioVersion = 10.0.40219.1
Project("{9A19103F-16F7-4668-BE54-9A1E7A4F7556}") = "Figure.API", "FigureAPI\Figure.API.csproj", "{02C86809-5E98-4F57-822A-6F509C3CC6FA}"
EndProject
Project("{9A19103F-16F7-4668-BE54-9A1E7A4F7556}") = "Figure.DataAccess", "Figure.DataAccess\Figure.DataAccess.csproj", "{729BF3D7-514B-4326-895B-09B335320983}"
EndProject
Project("{9A19103F-16F7-4668-BE54-9A1E7A4F7556}") = "Figure.Application", "Figure.Core\Figure.Application.csproj", "{009C2BB1-466C-498B-B1D9-6BE9772E4969}"
EndProject
Project("{9A19103F-16F7-4668-BE54-9A1E7A4F7556}") = "Figure.Infrastructure", "Figure.Infrastructure\Figure.Infrastructure.csproj", "{FA76F8A1-FF00-466C-B37A-46E2E33AF63D}"
EndProject
Project("{FAE04EC0-301F-11D3-BF4B-00C04F79EFBC}") = "Figure.Tests", "Figure.Tests\Figure.Tests.csproj", "{DA7B0B6D-5273-4AC6-B7D2-102467285DBD}"
EndProject
Global
	GlobalSection(SolutionConfigurationPlatforms) = preSolution
		Debug|Any CPU = Debug|Any CPU
		Release|Any CPU = Release|Any CPU
	EndGlobalSection
	GlobalSection(ProjectConfigurationPlatforms) = postSolution
		{02C86809-5E98-4F57-822A-6F509C3CC6FA}.Debug|Any CPU.ActiveCfg = Debug|Any CPU
		{02C86809-5E98-4F57-822A-6F509C3CC6FA}.Debug|Any CPU.Build.0 = Debug|Any CPU
		{02C86809-5E98-4F57-822A-6F509C3CC6FA}.Release|Any CPU.ActiveCfg = Release|Any CPU
		{02C86809-5E98-4F57-822A-6F509C3CC6FA}.Release|Any CPU.Build.0 = Release|Any CPU
		{729BF3D7-514B-4326-895B-09B335320983}.Debug|Any CPU.ActiveCfg = Debug|Any CPU
		{729BF3D7-514B-4326-895B-09B335320983}.Debug|Any CPU.Build.0 = Debug|Any CPU
		{729BF3D7-514B-4326-895B-09B335320983}.Release|Any CPU.ActiveCfg = Release|Any CPU
		{729BF3D7-514B-4326-895B-09B335320983}.Release|Any CPU.Build.0 = Release|Any CPU
		{009C2BB1-466C-498B-B1D9-6BE9772E4969}.Debug|Any CPU.ActiveCfg = Debug|Any CPU
		{009C2BB1-466C-498B-B1D9-6BE9772E4969}.Debug|Any CPU.Build.0 = Debug|Any CPU
		{009C2BB1-466C-498B-B1D9-6BE9772E4969}.Release|Any CPU.ActiveCfg = Release|Any CPU
		{009C2BB1-466C-498B-B1D9-6BE9772E4969}.Release|Any CPU.Build.0 = Release|Any CPU
		{FA76F8A1-FF00-466C-B37A-46E2E33AF63D}.Debug|Any CPU.ActiveCfg = Debug|Any CPU
		{FA76F8A1-FF00-466C-B37A-46E2E33AF63D}.Debug|Any CPU.Build.0 = Debug|Any CPU
		{FA76F8A1-FF00-466C-B37A-46E2E33AF63D}.Release|Any CPU.ActiveCfg = Release|Any CPU
		{FA76F8A1-FF00-466C-B37A-46E2E33AF63D}.Release|Any CPU.Build.0 = Release|Any CPU
		{DA7B0B6D-5273-4AC6-B7D2-102467285DBD}.Debug|Any CPU.ActiveCfg = Debug|Any CPU
		{DA7B0B6D-5273-4AC6-B7D2-102467285DBD}.Debug|Any CPU.Build.0 = Debug|Any CPU
		{DA7B0B6D-5273-4AC6-B7D2-102467285DBD}.Release|Any CPU.ActiveCfg = Release|Any CPU
		{DA7B0B6D-5273-4AC6-B7D2-102467285DBD}.Release|Any CPU.Build.0 = Release|Any CPU
	EndGlobalSection
	GlobalSection(SolutionProperties) = preSolution
		HideSolutionNode = FALSE
	EndGlobalSection
	GlobalSection(ExtensibilityGlobals) = postSolution
		SolutionGuid = {9F571AF3-99EA-41D7-84E1-A48A2EC26E1A}
	EndGlobalSection
EndGlobal
